
Microsoft Visual Studio Solution File, Format Version 12.00
# Visual Studio Version 17
VisualStudioVersion = 17.11.35327.3
MinimumVisualStudioVersion = 10.0.40219.1
Project("{9A19103F-16F7-4668-BE54-9A1E7A4F7556}") = "NaturalDisasterInformationSystem", "NaturalDisasterInformationSystem\NaturalDisasterInformationSystem.csproj", "{D38CE6DC-D8AC-4C97-AAD1-371C3B2C81F2}"
EndProject
Global
	GlobalSection(SolutionConfigurationPlatforms) = preSolution
		Debug|Any CPU = Debug|Any CPU
		Release|Any CPU = Release|Any CPU
	EndGlobalSection
	GlobalSection(ProjectConfigurationPlatforms) = postSolution
		{D38CE6DC-D8AC-4C97-AAD1-371C3B2C81F2}.Debug|Any CPU.ActiveCfg = Debug|Any CPU
		{D38CE6DC-D8AC-4C97-AAD1-371C3B2C81F2}.Debug|Any CPU.Build.0 = Debug|Any CPU
		{D38CE6DC-D8AC-4C97-AAD1-371C3B2C81F2}.Release|Any CPU.ActiveCfg = Release|Any CPU
		{D38CE6DC-D8AC-4C97-AAD1-371C3B2C81F2}.Release|Any CPU.Build.0 = Release|Any CPU
	EndGlobalSection
	GlobalSection(SolutionProperties) = preSolution
		HideSolutionNode = FALSE
	EndGlobalSection
	GlobalSection(ExtensibilityGlobals) = postSolution
		SolutionGuid = {2C7CB212-C748-47C4-AB4B-9C8448BE3D82}
	EndGlobalSection
EndGlobal
